// !$*UTF8*$!
{
	archiveVersion = 1;
	classes = {
	};
	objectVersion = 56;
	objects = {

/* Begin PBXBuildFile section */
		2C32404129BB6252003AE8DB /* AppDelegate.swift in Sources */ = {isa = PBXBuildFile; fileRef = 2C32404029BB6252003AE8DB /* AppDelegate.swift */; };
		2C32404329BB6252003AE8DB /* SceneDelegate.swift in Sources */ = {isa = PBXBuildFile; fileRef = 2C32404229BB6252003AE8DB /* SceneDelegate.swift */; };
		2C32404529BB6252003AE8DB /* TableViewController.swift in Sources */ = {isa = PBXBuildFile; fileRef = 2C32404429BB6252003AE8DB /* TableViewController.swift */; };
		2C32404A29BB6253003AE8DB /* Assets.xcassets in Resources */ = {isa = PBXBuildFile; fileRef = 2C32404929BB6253003AE8DB /* Assets.xcassets */; };
		2C32405829BB660D003AE8DB /* Model.swift in Sources */ = {isa = PBXBuildFile; fileRef = 2C32405729BB660D003AE8DB /* Model.swift */; };
		6C57638AA8595873871989B8 /* libPods-AlamofireHW.a in Frameworks */ = {isa = PBXBuildFile; fileRef = 3AF6A5265B3028322B4067DA /* libPods-AlamofireHW.a */; };
/* End PBXBuildFile section */

/* Begin PBXFileReference section */
		17058507A331AC0B73A167EF /* Pods-AlamofireHW.release.xcconfig */ = {isa = PBXFileReference; includeInIndex = 1; lastKnownFileType = text.xcconfig; name = "Pods-AlamofireHW.release.xcconfig"; path = "Target Support Files/Pods-AlamofireHW/Pods-AlamofireHW.release.xcconfig"; sourceTree = "<group>"; };
		2C32403D29BB6252003AE8DB /* AlamofireHW.app */ = {isa = PBXFileReference; explicitFileType = wrapper.application; includeInIndex = 0; path = AlamofireHW.app; sourceTree = BUILT_PRODUCTS_DIR; };
		2C32404029BB6252003AE8DB /* AppDelegate.swift */ = {isa = PBXFileReference; lastKnownFileType = sourcecode.swift; path = AppDelegate.swift; sourceTree = "<group>"; };
		2C32404229BB6252003AE8DB /* SceneDelegate.swift */ = {isa = PBXFileReference; lastKnownFileType = sourcecode.swift; path = SceneDelegate.swift; sourceTree = "<group>"; };
		2C32404429BB6252003AE8DB /* TableViewController.swift */ = {isa = PBXFileReference; lastKnownFileType = sourcecode.swift; path = TableViewController.swift; sourceTree = "<group>"; };
		2C32404929BB6253003AE8DB /* Assets.xcassets */ = {isa = PBXFileReference; lastKnownFileType = folder.assetcatalog; path = Assets.xcassets; sourceTree = "<group>"; };
		2C32404E29BB6253003AE8DB /* Info.plist */ = {isa = PBXFileReference; lastKnownFileType = text.plist.xml; path = Info.plist; sourceTree = "<group>"; };
		2C32405729BB660D003AE8DB /* Model.swift */ = {isa = PBXFileReference; lastKnownFileType = sourcecode.swift; path = Model.swift; sourceTree = "<group>"; };
		3AF6A5265B3028322B4067DA /* libPods-AlamofireHW.a */ = {isa = PBXFileReference; explicitFileType = archive.ar; includeInIndex = 0; path = "libPods-AlamofireHW.a"; sourceTree = BUILT_PRODUCTS_DIR; };
		3D4D9B3504560D6709126126 /* Pods-AlamofireHW.debug.xcconfig */ = {isa = PBXFileReference; includeInIndex = 1; lastKnownFileType = text.xcconfig; name = "Pods-AlamofireHW.debug.xcconfig"; path = "Target Support Files/Pods-AlamofireHW/Pods-AlamofireHW.debug.xcconfig"; sourceTree = "<group>"; };
/* End PBXFileReference section */

/* Begin PBXFrameworksBuildPhase section */
		2C32403A29BB6252003AE8DB /* Frameworks */ = {
			isa = PBXFrameworksBuildPhase;
			buildActionMask = 2147483647;
			files = (
				6C57638AA8595873871989B8 /* libPods-AlamofireHW.a in Frameworks */,
			);
			runOnlyForDeploymentPostprocessing = 0;
		};
/* End PBXFrameworksBuildPhase section */

/* Begin PBXGroup section */
		27DA913365A0ABD45E3EB982 /* Pods */ = {
			isa = PBXGroup;
			children = (
				3D4D9B3504560D6709126126 /* Pods-AlamofireHW.debug.xcconfig */,
				17058507A331AC0B73A167EF /* Pods-AlamofireHW.release.xcconfig */,
			);
			path = Pods;
			sourceTree = "<group>";
		};
		2C32403429BB6252003AE8DB = {
			isa = PBXGroup;
			children = (
				2C32403F29BB6252003AE8DB /* AlamofireHW */,
				2C32403E29BB6252003AE8DB /* Products */,
				27DA913365A0ABD45E3EB982 /* Pods */,
				6FE79CF2CCDA1D5D8D2C1890 /* Frameworks */,
			);
			sourceTree = "<group>";
		};
		2C32403E29BB6252003AE8DB /* Products */ = {
			isa = PBXGroup;
			children = (
				2C32403D29BB6252003AE8DB /* AlamofireHW.app */,
			);
			name = Products;
			sourceTree = "<group>";
		};
		2C32403F29BB6252003AE8DB /* AlamofireHW */ = {
			isa = PBXGroup;
			children = (
				2C32404429BB6252003AE8DB /* TableViewController.swift */,
				2C32405729BB660D003AE8DB /* Model.swift */,
				2C32405529BB62E9003AE8DB /* Sources */,
				2C32405629BB62F7003AE8DB /* Resources */,
			);
			path = AlamofireHW;
			sourceTree = "<group>";
		};
		2C32405429BB62DF003AE8DB /* App */ = {
			isa = PBXGroup;
			children = (
				2C32404029BB6252003AE8DB /* AppDelegate.swift */,
				2C32404229BB6252003AE8DB /* SceneDelegate.swift */,
			);
			path = App;
			sourceTree = "<group>";
		};
		2C32405529BB62E9003AE8DB /* Sources */ = {
			isa = PBXGroup;
			children = (
				2C32405429BB62DF003AE8DB /* App */,
			);
			path = Sources;
			sourceTree = "<group>";
		};
		2C32405629BB62F7003AE8DB /* Resources */ = {
			isa = PBXGroup;
			children = (
				2C32404929BB6253003AE8DB /* Assets.xcassets */,
				2C32404E29BB6253003AE8DB /* Info.plist */,
			);
			path = Resources;
			sourceTree = "<group>";
		};
		6FE79CF2CCDA1D5D8D2C1890 /* Frameworks */ = {
			isa = PBXGroup;
			children = (
				3AF6A5265B3028322B4067DA /* libPods-AlamofireHW.a */,
			);
			name = Frameworks;
			sourceTree = "<group>";
		};
/* End PBXGroup section */

/* Begin PBXNativeTarget section */
		2C32403C29BB6252003AE8DB /* AlamofireHW */ = {
			isa = PBXNativeTarget;
			buildConfigurationList = 2C32405129BB6253003AE8DB /* Build configuration list for PBXNativeTarget "AlamofireHW" */;
			buildPhases = (
				96E7E4A4A196C713EB15DCDD /* [CP] Check Pods Manifest.lock */,
				2C32403929BB6252003AE8DB /* Sources */,
				2C32403A29BB6252003AE8DB /* Frameworks */,
				2C32403B29BB6252003AE8DB /* Resources */,
			);
			buildRules = (
			);
			dependencies = (
			);
			name = AlamofireHW;
			productName = AlamofireHW;
			productReference = 2C32403D29BB6252003AE8DB /* AlamofireHW.app */;
			productType = "com.apple.product-type.application";
		};
/* End PBXNativeTarget section */

/* Begin PBXProject section */
		2C32403529BB6252003AE8DB /* Project object */ = {
			isa = PBXProject;
			attributes = {
				BuildIndependentTargetsInParallel = 1;
				LastSwiftUpdateCheck = 1400;
				LastUpgradeCheck = 1400;
				TargetAttributes = {
					2C32403C29BB6252003AE8DB = {
						CreatedOnToolsVersion = 14.0.1;
					};
				};
			};
			buildConfigurationList = 2C32403829BB6252003AE8DB /* Build configuration list for PBXProject "AlamofireHW" */;
			compatibilityVersion = "Xcode 14.0";
			developmentRegion = en;
			hasScannedForEncodings = 0;
			knownRegions = (
				en,
				Base,
			);
			mainGroup = 2C32403429BB6252003AE8DB;
			productRefGroup = 2C32403E29BB6252003AE8DB /* Products */;
			projectDirPath = "";
			projectRoot = "";
			targets = (
				2C32403C29BB6252003AE8DB /* AlamofireHW */,
			);
		};
/* End PBXProject section */

/* Begin PBXResourcesBuildPhase section */
		2C32403B29BB6252003AE8DB /* Resources */ = {
			isa = PBXResourcesBuildPhase;
			buildActionMask = 2147483647;
			files = (
				2C32404A29BB6253003AE8DB /* Assets.xcassets in Resources */,
			);
			runOnlyForDeploymentPostprocessing = 0;
		};
/* End PBXResourcesBuildPhase section */

/* Begin PBXShellScriptBuildPhase section */
		96E7E4A4A196C713EB15DCDD /* [CP] Check Pods Manifest.lock */ = {
			isa = PBXShellScriptBuildPhase;
			buildActionMask = 2147483647;
			files = (
			);
			inputFileListPaths = (
			);
			inputPaths = (
				"${PODS_PODFILE_DIR_PATH}/Podfile.lock",
				"${PODS_ROOT}/Manifest.lock",
			);
			name = "[CP] Check Pods Manifest.lock";
			outputFileListPaths = (
			);
			outputPaths = (
				"$(DERIVED_FILE_DIR)/Pods-AlamofireHW-checkManifestLockResult.txt",
			);
			runOnlyForDeploymentPostprocessing = 0;
			shellPath = /bin/sh;
			shellScript = "diff \"${PODS_PODFILE_DIR_PATH}/Podfile.lock\" \"${PODS_ROOT}/Manifest.lock\" > /dev/null\nif [ $? != 0 ] ; then\n    # print error to STDERR\n    echo \"error: The sandbox is not in sync with the Podfile.lock. Run 'pod install' or update your CocoaPods installation.\" >&2\n    exit 1\nfi\n# This output is used by Xcode 'outputs' to avoid re-running this script phase.\necho \"SUCCESS\" > \"${SCRIPT_OUTPUT_FILE_0}\"\n";
			showEnvVarsInLog = 0;
		};
/* End PBXShellScriptBuildPhase section */

/* Begin PBXSourcesBuildPhase section */
		2C32403929BB6252003AE8DB /* Sources */ = {
			isa = PBXSourcesBuildPhase;
			buildActionMask = 2147483647;
			files = (
				2C32404529BB6252003AE8DB /* TableViewController.swift in Sources */,
				2C32404129BB6252003AE8DB /* AppDelegate.swift in Sources */,
				2C32404329BB6252003AE8DB /* SceneDelegate.swift in Sources */,
				2C32405829BB660D003AE8DB /* Model.swift in Sources */,
			);
			runOnlyForDeploymentPostprocessing = 0;
		};
/* End PBXSourcesBuildPhase section */

/* Begin XCBuildConfiguration section */
		2C32404F29BB6253003AE8DB /* Debug */ = {
			isa = XCBuildConfiguration;
			buildSettings = {
				ALWAYS_SEARCH_USER_PATHS = NO;
				CLANG_ANALYZER_NONNULL = YES;
				CLANG_ANALYZER_NUMBER_OBJECT_CONVERSION = YES_AGGRESSIVE;
				CLANG_CXX_LANGUAGE_STANDARD = "gnu++20";
				CLANG_ENABLE_MODULES = YES;
				CLANG_ENABLE_OBJC_ARC = YES;
				CLANG_ENABLE_OBJC_WEAK = YES;
				CLANG_WARN_BLOCK_CAPTURE_AUTORELEASING = YES;
				CLANG_WARN_BOOL_CONVERSION = YES;
				CLANG_WARN_COMMA = YES;
				CLANG_WARN_CONSTANT_CONVERSION = YES;
				CLANG_WARN_DEPRECATED_OBJC_IMPLEMENTATIONS = YES;
				CLANG_WARN_DIRECT_OBJC_ISA_USAGE = YES_ERROR;
				CLANG_WARN_DOCUMENTATION_COMMENTS = YES;
				CLANG_WARN_EMPTY_BODY = YES;
				CLANG_WARN_ENUM_CONVERSION = YES;
				CLANG_WARN_INFINITE_RECURSION = YES;
				CLANG_WARN_INT_CONVERSION = YES;
				CLANG_WARN_NON_LITERAL_NULL_CONVERSION = YES;
				CLANG_WARN_OBJC_IMPLICIT_RETAIN_SELF = YES;
				CLANG_WARN_OBJC_LITERAL_CONVERSION = YES;
				CLANG_WARN_OBJC_ROOT_CLASS = YES_ERROR;
				CLANG_WARN_QUOTED_INCLUDE_IN_FRAMEWORK_HEADER = YES;
				CLANG_WARN_RANGE_LOOP_ANALYSIS = YES;
				CLANG_WARN_STRICT_PROTOTYPES = YES;
				CLANG_WARN_SUSPICIOUS_MOVE = YES;
				CLANG_WARN_UNGUARDED_AVAILABILITY = YES_AGGRESSIVE;
				CLANG_WARN_UNREACHABLE_CODE = YES;
				CLANG_WARN__DUPLICATE_METHOD_MATCH = YES;
				COPY_PHASE_STRIP = NO;
				DEBUG_INFORMATION_FORMAT = dwarf;
				ENABLE_STRICT_OBJC_MSGSEND = YES;
				ENABLE_TESTABILITY = YES;
				GCC_C_LANGUAGE_STANDARD = gnu11;
				GCC_DYNAMIC_NO_PIC = NO;
				GCC_NO_COMMON_BLOCKS = YES;
				GCC_OPTIMIZATION_LEVEL = 0;
				GCC_PREPROCESSOR_DEFINITIONS = (
					"DEBUG=1",
					"$(inherited)",
				);
				GCC_WARN_64_TO_32_BIT_CONVERSION = YES;
				GCC_WARN_ABOUT_RETURN_TYPE = YES_ERROR;
				GCC_WARN_UNDECLARED_SELECTOR = YES;
				GCC_WARN_UNINITIALIZED_AUTOS = YES_AGGRESSIVE;
				GCC_WARN_UNUSED_FUNCTION = YES;
				GCC_WARN_UNUSED_VARIABLE = YES;
				IPHONEOS_DEPLOYMENT_TARGET = 16.0;
				MTL_ENABLE_DEBUG_INFO = INCLUDE_SOURCE;
				MTL_FAST_MATH = YES;
				ONLY_ACTIVE_ARCH = YES;
				SDKROOT = iphoneos;
				SWIFT_ACTIVE_COMPILATION_CONDITIONS = DEBUG;
				SWIFT_OPTIMIZATION_LEVEL = "-Onone";
			};
			name = Debug;
		};
		2C32405029BB6253003AE8DB /* Release */ = {
			isa = XCBuildConfiguration;
			buildSettings = {
				ALWAYS_SEARCH_USER_PATHS = NO;
				CLANG_ANALYZER_NONNULL = YES;
				CLANG_ANALYZER_NUMBER_OBJECT_CONVERSION = YES_AGGRESSIVE;
				CLANG_CXX_LANGUAGE_STANDARD = "gnu++20";
				CLANG_ENABLE_MODULES = YES;
				CLANG_ENABLE_OBJC_ARC = YES;
				CLANG_ENABLE_OBJC_WEAK = YES;
				CLANG_WARN_BLOCK_CAPTURE_AUTORELEASING = YES;
				CLANG_WARN_BOOL_CONVERSION = YES;
				CLANG_WARN_COMMA = YES;
				CLANG_WARN_CONSTANT_CONVERSION = YES;
				CLANG_WARN_DEPRECATED_OBJC_IMPLEMENTATIONS = YES;
				CLANG_WARN_DIRECT_OBJC_ISA_USAGE = YES_ERROR;
				CLANG_WARN_DOCUMENTATION_COMMENTS = YES;
				CLANG_WARN_EMPTY_BODY = YES;
				CLANG_WARN_ENUM_CONVERSION = YES;
				CLANG_WARN_INFINITE_RECURSION = YES;
				CLANG_WARN_INT_CONVERSION = YES;
				CLANG_WARN_NON_LITERAL_NULL_CONVERSION = YES;
				CLANG_WARN_OBJC_IMPLICIT_RETAIN_SELF = YES;
				CLANG_WARN_OBJC_LITERAL_CONVERSION = YES;
				CLANG_WARN_OBJC_ROOT_CLASS = YES_ERROR;
				CLANG_WARN_QUOTED_INCLUDE_IN_FRAMEWORK_HEADER = YES;
				CLANG_WARN_RANGE_LOOP_ANALYSIS = YES;
				CLANG_WARN_STRICT_PROTOTYPES = YES;
				CLANG_WARN_SUSPICIOUS_MOVE = YES;
				CLANG_WARN_UNGUARDED_AVAILABILITY = YES_AGGRESSIVE;
				CLANG_WARN_UNREACHABLE_CODE = YES;
				CLANG_WARN__DUPLICATE_METHOD_MATCH = YES;
				COPY_PHASE_STRIP = NO;
				DEBUG_INFORMATION_FORMAT = "dwarf-with-dsym";
				ENABLE_NS_ASSERTIONS = NO;
				ENABLE_STRICT_OBJC_MSGSEND = YES;
				GCC_C_LANGUAGE_STANDARD = gnu11;
				GCC_NO_COMMON_BLOCKS = YES;
				GCC_WARN_64_TO_32_BIT_CONVERSION = YES;
				GCC_WARN_ABOUT_RETURN_TYPE = YES_ERROR;
				GCC_WARN_UNDECLARED_SELECTOR = YES;
				GCC_WARN_UNINITIALIZED_AUTOS = YES_AGGRESSIVE;
				GCC_WARN_UNUSED_FUNCTION = YES;
				GCC_WARN_UNUSED_VARIABLE = YES;
				IPHONEOS_DEPLOYMENT_TARGET = 16.0;
				MTL_ENABLE_DEBUG_INFO = NO;
				MTL_FAST_MATH = YES;
				SDKROOT = iphoneos;
				SWIFT_COMPILATION_MODE = wholemodule;
				SWIFT_OPTIMIZATION_LEVEL = "-O";
				VALIDATE_PRODUCT = YES;
			};
			name = Release;
		};
		2C32405229BB6253003AE8DB /* Debug */ = {
			isa = XCBuildConfiguration;
			baseConfigurationReference = 3D4D9B3504560D6709126126 /* Pods-AlamofireHW.debug.xcconfig */;
			buildSettings = {
				ASSETCATALOG_COMPILER_APPICON_NAME = AppIcon;
				ASSETCATALOG_COMPILER_GLOBAL_ACCENT_COLOR_NAME = AccentColor;
				CODE_SIGN_STYLE = Automatic;
				CURRENT_PROJECT_VERSION = 1;
				DEVELOPMENT_TEAM = 4K388KFZKH;
				GENERATE_INFOPLIST_FILE = YES;
				INFOPLIST_FILE = AlamofireHW/Info.plist;
				INFOPLIST_KEY_UIApplicationSupportsIndirectInputEvents = YES;
				INFOPLIST_KEY_UILaunchStoryboardName = LaunchScreen;
				INFOPLIST_KEY_UIMainStoryboardFile = Main;
				INFOPLIST_KEY_UISupportedInterfaceOrientations_iPad = "UIInterfaceOrientationPortrait UIInterfaceOrientationPortraitUpsideDown UIInterfaceOrientationLandscapeLeft UIInterfaceOrientationLandscapeRight";
				INFOPLIST_KEY_UISupportedInterfaceOrientations_iPhone = "UIInterfaceOrientationPortrait UIInterfaceOrientationLandscapeLeft UIInterfaceOrientationLandscapeRight";
				LD_RUNPATH_SEARCH_PATHS = (
					"$(inherited)",
					"@executable_path/Frameworks",
				);
				MARKETING_VERSION = 1.0;
				PRODUCT_BUNDLE_IDENTIFIER = Yz.AlamofireHW;
				PRODUCT_NAME = "$(TARGET_NAME)";
				SWIFT_EMIT_LOC_STRINGS = YES;
				SWIFT_VERSION = 5.0;
				TARGETED_DEVICE_FAMILY = "1,2";
			};
			name = Debug;
		};
		2C32405329BB6253003AE8DB /* Release */ = {
			isa = XCBuildConfiguration;
			baseConfigurationReference = 17058507A331AC0B73A167EF /* Pods-AlamofireHW.release.xcconfig */;
			buildSettings = {
				ASSETCATALOG_COMPILER_APPICON_NAME = AppIcon;
				ASSETCATALOG_COMPILER_GLOBAL_ACCENT_COLOR_NAME = AccentColor;
				CODE_SIGN_STYLE = Automatic;
				CURRENT_PROJECT_VERSION = 1;
				DEVELOPMENT_TEAM = 4K388KFZKH;
				GENERATE_INFOPLIST_FILE = YES;
				INFOPLIST_FILE = AlamofireHW/Info.plist;
				INFOPLIST_KEY_UIApplicationSupportsIndirectInputEvents = YES;
				INFOPLIST_KEY_UILaunchStoryboardName = LaunchScreen;
				INFOPLIST_KEY_UIMainStoryboardFile = Main;
				INFOPLIST_KEY_UISupportedInterfaceOrientations_iPad = "UIInterfaceOrientationPortrait UIInterfaceOrientationPortraitUpsideDown UIInterfaceOrientationLandscapeLeft UIInterfaceOrientationLandscapeRight";
				INFOPLIST_KEY_UISupportedInterfaceOrientations_iPhone = "UIInterfaceOrientationPortrait UIInterfaceOrientationLandscapeLeft UIInterfaceOrientationLandscapeRight";
				LD_RUNPATH_SEARCH_PATHS = (
					"$(inherited)",
					"@executable_path/Frameworks",
				);
				MARKETING_VERSION = 1.0;
				PRODUCT_BUNDLE_IDENTIFIER = Yz.AlamofireHW;
				PRODUCT_NAME = "$(TARGET_NAME)";
				SWIFT_EMIT_LOC_STRINGS = YES;
				SWIFT_VERSION = 5.0;
				TARGETED_DEVICE_FAMILY = "1,2";
			};
			name = Release;
		};
/* End XCBuildConfiguration section */

/* Begin XCConfigurationList section */
		2C32403829BB6252003AE8DB /* Build configuration list for PBXProject "AlamofireHW" */ = {
			isa = XCConfigurationList;
			buildConfigurations = (
				2C32404F29BB6253003AE8DB /* Debug */,
				2C32405029BB6253003AE8DB /* Release */,
			);
			defaultConfigurationIsVisible = 0;
			defaultConfigurationName = Release;
		};
		2C32405129BB6253003AE8DB /* Build configuration list for PBXNativeTarget "AlamofireHW" */ = {
			isa = XCConfigurationList;
			buildConfigurations = (
				2C32405229BB6253003AE8DB /* Debug */,
				2C32405329BB6253003AE8DB /* Release */,
			);
			defaultConfigurationIsVisible = 0;
			defaultConfigurationName = Release;
		};
/* End XCConfigurationList section */
	};
	rootObject = 2C32403529BB6252003AE8DB /* Project object */;
}
